# This file is autogenerated, do not edit; changes may be undone by the next 'dep ensure'.


[[projects]]
  digest = "1:fc31cd6fc2f965a819bc4e132c2d79bc23faa52cf15886c86cf22a45e46fd599"
  name = "github.com/bwesterb/go-exptable"
  packages = ["."]
  pruneopts = "UT"
  revision = "dd5d262925640ee5ec74905aef1111d3328493a2"
  version = "v1.0.0"

[[projects]]
  digest = "1:a2c1d0e43bd3baaa071d1b9ed72c27d78169b2b269f71c105ac4ba34b1be4a39"
  name = "github.com/davecgh/go-spew"
  packages = ["spew"]
  pruneopts = "UT"
  revision = "346938d642f2ec3594ed81d874461961cd0faa76"
  version = "v1.1.0"

[[projects]]
  digest = "1:0886f4871903067916897c67caeb787f81c9a155391da901aa25f26802953ec6"
  name = "github.com/fxamacker/cbor"
  packages = ["."]
  pruneopts = "UT"
  revision = "6faee5e1f8b6270f9bdcfefbc9bdfa8c026de629"
  version = "v1.5.0"

[[projects]]
  digest = "1:aacef5f5e45685f2aeda5534d0a750dee6859de7e9088cdd06192787bb01ae6d"
  name = "github.com/go-errors/errors"
  packages = ["."]
  pruneopts = "UT"
  revision = "a6af135bd4e28680facf08a3d206b454abc877a4"
  version = "v1.0.1"

[[projects]]
  branch = "master"
  digest = "1:130cefe87d7eeefc824978dcb78e35672d4c49a11f25c153fbf0cfd952756fa3"
  name = "github.com/minio/blake2b-simd"
  packages = ["."]
  pruneopts = "UT"
  revision = "3f5f724cb5b182a5c278d6d3d55b40e7f8c2efb4"

[[projects]]
  digest = "1:0d8b29788bd5eef02a1d7cff49bc557d66dccbfe5c386b6422d8a4e4752a5e14"
  name = "github.com/minio/sha256-simd"
  packages = ["."]
  pruneopts = "UT"
  revision = "6de4475307716de15b286880ff321c9547086fdd"
  version = "v0.1.1"

[[projects]]
  digest = "1:b6299badabd66eaede0651e2eaede106d8298b25564e4a7f23e335471d3e5a35"
  name = "github.com/mr-tron/base58"
  packages = ["base58"]
  pruneopts = "UT"
  revision = "b1dd383fd2c02d7933db93f157e339f1899b5163"
  version = "v1.1.3"

[[projects]]
  digest = "1:d3b9a1b230d8b285202ef8880b9cabe006036c73670b2ba8b8adb0a4c0d75f0c"
  name = "github.com/multiformats/go-multihash"
  packages = ["."]
  pruneopts = "UT"
  revision = "e600087a13c1c46470edc405b00297a2685fe2de"
  version = "v0.0.11"

[[projects]]
  digest = "1:0028cb19b2e4c3112225cd871870f2d9cf49b9b4276531f03438a88e94be86fe"
  name = "github.com/pmezard/go-difflib"
  packages = ["difflib"]
  pruneopts = "UT"
  revision = "792786c7400a136282c1664665ae0a8db921c6c2"
  version = "v1.0.0"

[[projects]]
  digest = "1:919bb3aa6d9d0b67648c219fa4925312bc3c2872da19e818fa769e9c97a2b643"
  name = "github.com/spaolacci/murmur3"
  packages = ["."]
  pruneopts = "UT"
  revision = "9f5d223c60793748f04a9d5b4b4eacddfc1f755d"
  version = "v1.1"

[[projects]]
  digest = "1:c40d65817cdd41fac9aa7af8bed56927bb2d6d47e4fea566a74880f5c2b1c41e"
  name = "github.com/stretchr/testify"
  packages = [
    "assert",
    "require",
  ]
  pruneopts = "UT"
  revision = "f35b8ab0b5a2cef36673838d662e249dd9c94686"
  version = "v1.2.2"

[[projects]]
  digest = "1:93f4c18679de6a3e34b9a3de10c5436e9888b5879ed7de0520749e1eac546bd8"
  name = "github.com/x448/float16"
  packages = ["."]
  pruneopts = "UT"
  revision = "cb9afec31f2649663ebb64da5c6c32c3d365c3ca"
  version = "v0.8.4"

[[projects]]
  branch = "master"
  digest = "1:655984762d98b0e453af28cb6078d33479080784efb056ba7f365b5d4814d3fe"
  name = "golang.org/x/crypto"
  packages = [
    "blake2s",
    "sha3",
  ]
  pruneopts = "UT"
  revision = "69ecbb4d6d5dab05e49161c6e77ea40a030884e1"

[[projects]]
  branch = "master"
  digest = "1:e1f7cd50bff4fa30d44c45fef943ade1959587a5adc8e7943c2e5d806140679f"
  name = "golang.org/x/sys"
  packages = ["cpu"]
  pruneopts = "UT"
  revision = "d101bd2416d505c0448a6ce8a282482678040a89"

[solve-meta]
  analyzer-name = "dep"
  analyzer-version = 1
  input-imports = [
    "github.com/bwesterb/go-exptable",
    "github.com/fxamacker/cbor",
    "github.com/go-errors/errors",
    "github.com/multiformats/go-multihash",
    "github.com/stretchr/testify/assert",
    "github.com/stretchr/testify/require",
  ]
  solver-name = "gps-cdcl"
  solver-version = 1
